
Microsoft Visual Studio Solution File, Format Version 12.00
# Visual Studio Version 17
VisualStudioVersion = 17.4.33205.214
MinimumVisualStudioVersion = 10.0.40219.1
Project("{FAE04EC0-301F-11D3-BF4B-00C04F79EFBC}") = "lab_2", "lab_2\lab_2.csproj", "{B1884711-6307-4DED-881D-53E0BC950699}"
EndProject
Global
	GlobalSection(SolutionConfigurationPlatforms) = preSolution
		Debug|Any CPU = Debug|Any CPU
		Release|Any CPU = Release|Any CPU
	EndGlobalSection
	GlobalSection(ProjectConfigurationPlatforms) = postSolution
		{B1884711-6307-4DED-881D-53E0BC950699}.Debug|Any CPU.ActiveCfg = Debug|Any CPU
		{B1884711-6307-4DED-881D-53E0BC950699}.Debug|Any CPU.Build.0 = Debug|Any CPU
		{B1884711-6307-4DED-881D-53E0BC950699}.Release|Any CPU.ActiveCfg = Release|Any CPU
		{B1884711-6307-4DED-881D-53E0BC950699}.Release|Any CPU.Build.0 = Release|Any CPU
	EndGlobalSection
	GlobalSection(SolutionProperties) = preSolution
		HideSolutionNode = FALSE
	EndGlobalSection
	GlobalSection(ExtensibilityGlobals) = postSolution
		SolutionGuid = {8142BAB4-3D1C-45F6-A24A-E82AA4060193}
	EndGlobalSection
EndGlobal
